
Microsoft Visual Studio Solution File, Format Version 12.00
# Visual Studio Version 17
VisualStudioVersion = 17.7.34202.233
MinimumVisualStudioVersion = 10.0.40219.1
Project("{FAE04EC0-301F-11D3-BF4B-00C04F79EFBC}") = "RecordingSystem_CarMaintenance", "RecordingSystem_CarMaintenance\RecordingSystem_CarMaintenance.csproj", "{3BDFC2A7-4A3B-40F7-AA12-D849D8135593}"
EndProject
Global
	GlobalSection(SolutionConfigurationPlatforms) = preSolution
		Debug|Any CPU = Debug|Any CPU
		Release|Any CPU = Release|Any CPU
	EndGlobalSection
	GlobalSection(ProjectConfigurationPlatforms) = postSolution
		{3BDFC2A7-4A3B-40F7-AA12-D849D8135593}.Debug|Any CPU.ActiveCfg = Debug|Any CPU
		{3BDFC2A7-4A3B-40F7-AA12-D849D8135593}.Debug|Any CPU.Build.0 = Debug|Any CPU
		{3BDFC2A7-4A3B-40F7-AA12-D849D8135593}.Release|Any CPU.ActiveCfg = Release|Any CPU
		{3BDFC2A7-4A3B-40F7-AA12-D849D8135593}.Release|Any CPU.Build.0 = Release|Any CPU
	EndGlobalSection
	GlobalSection(SolutionProperties) = preSolution
		HideSolutionNode = FALSE
	EndGlobalSection
	GlobalSection(ExtensibilityGlobals) = postSolution
		SolutionGuid = {7F377813-E5FA-44E2-96D4-40B918569AF0}
	EndGlobalSection
EndGlobal
